
Microsoft Visual Studio Solution File, Format Version 12.00
# Visual Studio Version 17
VisualStudioVersion = 17.5.002.0
MinimumVisualStudioVersion = 10.0.40219.1
Project("{9A19103F-16F7-4668-BE54-9A1E7A4F7556}") = "InfiniteRunner", "InfiniteRunner\InfiniteRunner.csproj", "{3573E699-1C3F-41A3-A07C-DA502DAA8192}"
EndProject
Global
	GlobalSection(SolutionConfigurationPlatforms) = preSolution
		Debug|Any CPU = Debug|Any CPU
		Release|Any CPU = Release|Any CPU
	EndGlobalSection
	GlobalSection(ProjectConfigurationPlatforms) = postSolution
		{3573E699-1C3F-41A3-A07C-DA502DAA8192}.Debug|Any CPU.ActiveCfg = Debug|Any CPU
		{3573E699-1C3F-41A3-A07C-DA502DAA8192}.Debug|Any CPU.Build.0 = Debug|Any CPU
		{3573E699-1C3F-41A3-A07C-DA502DAA8192}.Release|Any CPU.ActiveCfg = Release|Any CPU
		{3573E699-1C3F-41A3-A07C-DA502DAA8192}.Release|Any CPU.Build.0 = Release|Any CPU
	EndGlobalSection
	GlobalSection(SolutionProperties) = preSolution
		HideSolutionNode = FALSE
	EndGlobalSection
	GlobalSection(ExtensibilityGlobals) = postSolution
		SolutionGuid = {0180F962-99ED-403E-86E2-A59A5A6DE4D1}
	EndGlobalSection
EndGlobal
